version = 1
revision = 1
requires-python = ">=3.11"

[[package]]
name = "absl-py"
version = "2.1.0"
source = { registry = "https://pypi.org/simple" }
sdist = { url = "https://files.pythonhosted.org/packages/7a/8f/fc001b92ecc467cc32ab38398bd0bfb45df46e7523bf33c2ad22a505f06e/absl-py-2.1.0.tar.gz", hash = "sha256:7820790efbb316739cde8b4e19357243fc3608a152024288513dd968d7d959ff", size = 118055 }
wheels = [
    { url = "https://files.pythonhosted.org/packages/a2/ad/e0d3c824784ff121c03cc031f944bc7e139a8f1870ffd2845cc2dd76f6c4/absl_py-2.1.0-py3-none-any.whl", hash = "sha256:526a04eadab8b4ee719ce68f204172ead1027549089702d99b9059f129ff1308", size = 133706 },
]

[[package]]
name = "ac-library-python"
version = "0.1.0"
source = { registry = "https://pypi.org/simple" }
sdist = { url = "https://files.pythonhosted.org/packages/93/b7/995992a9e8b843b7a17ec1e2537efd46c9a24d56b5cb8041a04c53816b0a/ac_library_python-0.1.0.tar.gz", hash = "sha256:1319283074a7df95d13431b4fbc80bd98c69ae20442e3266cc4bb5e39dea766a", size = 23580 }
wheels = [
    { url = "https://files.pythonhosted.org/packages/04/a5/2327a9e3e9c311d6caa56e05d0ed656a986160eb961f99cc09962045c0e4/ac_library_python-0.1.0-py3-none-any.whl", hash = "sha256:569cdaf4837e9b820c867b1c7546483542e0e08c8a2732b5fefa11aa917d1d9d", size = 34248 },
]

[[package]]
name = "bitarray"
version = "2.6.2"
source = { registry = "https://pypi.org/simple" }
sdist = { url = "https://files.pythonhosted.org/packages/6f/43/1408677bb749f7931fec740b0753455bfe3f7a10cfd692ea1f973d7b9a04/bitarray-2.6.2.tar.gz", hash = "sha256:90bac83ba6c37ab5048b43e07eba7d0de12f301ad6641633656fa269618a7301", size = 103565 }
wheels = [
    { url = "https://files.pythonhosted.org/packages/74/a3/79cd8975d3a6ee7bba09f65157497f53d516692ee03d48546fc42d2c684d/bitarray-2.6.2-cp311-cp311-macosx_10_9_universal2.whl", hash = "sha256:43a474e78d1fbafd09837140ca3e31429ee31a6ad86ab146af577019d41bfc8b", size = 143777 },
    { url = "https://files.pythonhosted.org/packages/af/48/486ef68e1bd0dc4217822f5353a443a3a11d675c3fded4032565fefb6887/bitarray-2.6.2-cp311-cp311-macosx_10_9_x86_64.whl", hash = "sha256:3c484020a523f2c671bdc5a91bd7f1ce87440b817ec14f0dd4b2320f32bc8ee9", size = 105320 },
    { url = "https://files.pythonhosted.org/packages/d8/12/7f2d0b0098ae2b5caf74c56f7be773b7f71bb9a57522f198bc93eade9d57/bitarray-2.6.2-cp311-cp311-macosx_11_0_arm64.whl", hash = "sha256:c939e71e9985ac836bc193fb1a3a4c7feb8d88bb6d1e4afe9cd6abe4181ef8d5", size = 104449 },
    { url = "https://files.pythonhosted.org/packages/63/ba/86a4e65aa6781553ffe7f2143358c11fd4ef08ce96bfaa29c32c0516a4f2/bitarray-2.6.2-cp311-cp311-manylinux_2_17_aarch64.manylinux2014_aarch64.whl", hash = "sha256:194b738cbc8cdceaa25a4b393a3a8f43090f14704ecfdadac8c18407c15e158d", size = 247865 },
    { url = "https://files.pythonhosted.org/packages/02/ea/b61b3baaf81793fd2328e1c790ac3c0d3c971caf81b9f220b6f20626e607/bitarray-2.6.2-cp311-cp311-manylinux_2_17_ppc64le.manylinux2014_ppc64le.whl", hash = "sha256:ce07f0271eec9ad21451fe9b94192e0430567ab9b3bd2c819465dc87eb3dc4fc", size = 261152 },
    { url = "https://files.pythonhosted.org/packages/f6/2c/59c5f2f800d37c701c8ba60fd6837f975f73f6b895e1714048afa13f11b6/bitarray-2.6.2-cp311-cp311-manylinux_2_17_s390x.manylinux2014_s390x.whl", hash = "sha256:d04f76a0dc1a84a96b9fe1ad346b36796185b3334ba69877cd20cf735c98830b", size = 261338 },
    { url = "https://files.pythonhosted.org/packages/2d/41/90074f3a546753d3fc3cb25d286a83c99b88d4fb1e2eca917ce6c0c22d26/bitarray-2.6.2-cp311-cp311-manylinux_2_17_x86_64.manylinux2014_x86_64.whl", hash = "sha256:76f94b1a536a2c38512875b1bc82a39d1e4682d74f79eb19db9107d8882150c8", size = 249200 },
    { url = "https://files.pythonhosted.org/packages/2f/30/31b793699e2782ce931061c47ac4a696632942a205183b0c810a6b58e1c8/bitarray-2.6.2-cp311-cp311-manylinux_2_5_i686.manylinux1_i686.manylinux_2_17_i686.manylinux2014_i686.whl", hash = "sha256:b9d9863eaad6e5b7a7e93291f568b3b49b6c006e32e6bc0f1bdf4509deb39dc4", size = 236628 },
    { url = "https://files.pythonhosted.org/packages/49/3f/56bcd8af73efdfa63978db88856ce79bf86b75bb357537396aaa4c9efb1f/bitarray-2.6.2-cp311-cp311-musllinux_1_1_aarch64.whl", hash = "sha256:3643817c717bbfaf7ee44d40b0b1b0fd0fb3dcd7e9d14c742d7c08cc8e7b8a31", size = 278638 },
    { url = "https://files.pythonhosted.org/packages/02/61/353b781617b52c1afab79946878584243a3261e6df8d7ec3bb01fbef8448/bitarray-2.6.2-cp311-cp311-musllinux_1_1_i686.whl", hash = "sha256:4839626b802fc85adf61753dcc526e585b49b32e8cd0a46fdc8fd91970cd0d72", size = 265989 },
    { url = "https://files.pythonhosted.org/packages/d8/47/2e4bd0a6b5a7b52f55094021d2ff405d957019ced88564c41071eb5ac4fa/bitarray-2.6.2-cp311-cp311-musllinux_1_1_ppc64le.whl", hash = "sha256:606f63dc9345c69598d5248900d497a83b58958003f246470e25de66b400c3f2", size = 289469 },
    { url = "https://files.pythonhosted.org/packages/cd/1a/ecece4ba7bf59be02c4261ae84ad24b306f05d8b9c8fdefb1906e924d97f/bitarray-2.6.2-cp311-cp311-musllinux_1_1_s390x.whl", hash = "sha256:61a1b2a4826588fee73a3b87a86b7d2ae2cd16859ef4aca2d7fb244ae51932e0", size = 294450 },
    { url = "https://files.pythonhosted.org/packages/db/6c/1423b9088defaf9ba145009f003c57084d625b19ca9f1af1543589f0cfcc/bitarray-2.6.2-cp311-cp311-musllinux_1_1_x86_64.whl", hash = "sha256:b444416cca8caa5c9a86e63703514c166bc6e3f37d7ce3668c7e9b93403f0de0", size = 277514 },
    { url = "https://files.pythonhosted.org/packages/72/63/2d49ba70641c5e20dec2a05c4549fcd17ece4fd444afadda7a6c137911a2/bitarray-2.6.2-cp311-cp311-win32.whl", hash = "sha256:acce34ebcb69bc1a14ec7a9834bb63bb65eeb6d01b8346c5e06835423e4f5709", size = 101811 },
    { url = "https://files.pythonhosted.org/packages/f2/dd/d0ad7bd1569b7525ba700d37cf2c73bf38a40e7e35a4afdc754386114505/bitarray-2.6.2-cp311-cp311-win_amd64.whl", hash = "sha256:ae0b4e7f07a2c6283686f3143bb6a9a4d95a930a21b54dfb1ecad65724879faf", size = 107628 },
]

[[package]]
name = "cppyy"
version = "2.4.1"
source = { registry = "https://pypi.org/simple" }
dependencies = [
    { name = "cppyy-backend" },
    { name = "cppyy-cling" },
    { name = "cpycppyy" },
]
sdist = { url = "https://files.pythonhosted.org/packages/64/c2/3f0afc6158ff3e4e764861f3106ae3e72e2ecdd04c707776f4d5adb0bb86/cppyy-2.4.1.tar.gz", hash = "sha256:24be84c676f020c800c803abfc3a15268bd80f1b898fda41d3169b236c16b235", size = 24801 }

[[package]]
name = "cppyy-backend"
version = "1.14.9"
source = { registry = "https://pypi.org/simple" }
dependencies = [
    { name = "cppyy-cling" },
]
sdist = { url = "https://files.pythonhosted.org/packages/a4/cf/7aeae7a78bf09638c8d03c50a57deb925105db3cd06114dc85511e4d44f7/cppyy-backend-1.14.9.tar.gz", hash = "sha256:a7871eaf5cb081387c46d1bbec75c7b9c764a6cfaf95f6e4707f9be9c02a9221", size = 34117 }

[[package]]
name = "cppyy-cling"
version = "6.27.0"
source = { registry = "https://pypi.org/simple" }
sdist = { url = "https://files.pythonhosted.org/packages/cc/1b/f4d842e710a5ae02c033a5aea83f53a8ff8152c6c341fd6ba7595bf08718/cppyy-cling-6.27.0.tar.gz", hash = "sha256:9c077c2b31e002cae7c9f48b4b5863611e7f392353cc7c66317d2ff6503a392d", size = 49407835 }
wheels = [
    { url = "https://files.pythonhosted.org/packages/f6/4c/c38ef43cfe7fe4696578e513da652af4ef64fc37204e469524d3f60746d4/cppyy_cling-6.27.0-py2.py3-none-macosx_10_12_x86_64.whl", hash = "sha256:b0b56be9a3744b6c3beb02bcce58daafdc8a6648b0027d6b235acc6664297a55", size = 23094647 },
    { url = "https://files.pythonhosted.org/packages/a9/c8/4c46c4b7776a6ada7d2c0ba0dfe9c47280fa28b93a9d3a24ed9d3143038d/cppyy_cling-6.27.0-py2.py3-none-macosx_11_0_arm64.whl", hash = "sha256:dfec61da1513ce5b5d494c2c29278565a067652d883f20f0d7795e3bbaae1fe9", size = 21300526 },
    { url = "https://files.pythonhosted.org/packages/69/a8/ade5c12ce30034b4370a9981929aaf8a642233b6a94df6a29c5107ae7bab/cppyy_cling-6.27.0-py2.py3-none-manylinux2014_x86_64.whl", hash = "sha256:ca5b1f29dee5e4f1c1b399e41c52f4af9b7849c259e7f7e765e27767866084de", size = 32403849 },
    { url = "https://files.pythonhosted.org/packages/7b/4d/8b932eb34c76a79a6a444ef18d6e3aca8a190084c72e843c89ee0848935e/cppyy_cling-6.27.0-py2.py3-none-win32.whl", hash = "sha256:7e00205ce317fb5419f78986b8962ae344627a3dce637d0166f62054cecf2501", size = 14584221 },
    { url = "https://files.pythonhosted.org/packages/21/4a/3006bd6c1879ae8fa1247045860efbfdfa3c51369942eea723ed093cad30/cppyy_cling-6.27.0-py2.py3-none-win_amd64.whl", hash = "sha256:99acc9f2b91372c7bd3a478634a3d72c8b603aa03bc5213178ba6e07a615ada3", size = 18441846 },
]

[[package]]
name = "cpycppyy"
version = "1.12.11"
source = { registry = "https://pypi.org/simple" }
dependencies = [
    { name = "cppyy-backend" },
    { name = "cppyy-cling" },
]
sdist = { url = "https://files.pythonhosted.org/packages/ac/7d/8ae51814367cbb10309dbaedce6a12e55b6ecd89f636e1a51efa579e5cba/CPyCppyy-1.12.11.tar.gz", hash = "sha256:1d23a962dbc7fa8f9977762f6c4a17045d1adb42558c76fb781dcb68165b32fb", size = 203924 }

[[package]]
name = "gmpy2"
version = "2.1.5"
source = { registry = "https://pypi.org/simple" }
sdist = { url = "https://files.pythonhosted.org/packages/d9/2e/2848cb5ab5240cb34b967602990450d0fd715f013806929b2f82821cef7f/gmpy2-2.1.5.tar.gz", hash = "sha256:bc297f1fd8c377ae67a4f493fc0f926e5d1b157e5c342e30a4d84dc7b9f95d96", size = 261709 }
wheels = [
    { url = "https://files.pythonhosted.org/packages/99/c2/6ca05dba44a168477d5b7d6b0d6fba00f1ce5a3fb637c7f9f0bdc30b8958/gmpy2-2.1.5-cp311-cp311-macosx_10_9_x86_64.whl", hash = "sha256:58097d7ef48f3eabc86e55ca078d3eee5fa3574d9d585f944ee7bc0f00900864", size = 806177 },
    { url = "https://files.pythonhosted.org/packages/3f/e8/49410a5682f2fa6d349e2ce9610907d720deaec56169e861ecb58700fda6/gmpy2-2.1.5-cp311-cp311-macosx_11_0_arm64.whl", hash = "sha256:fa312ec90e643c8ed2224e204f43239c2e27d14261b349c84912c8858a54c5d5", size = 664098 },
    { url = "https://files.pythonhosted.org/packages/48/fa/89c356d7cf9f457ab3f936d9d9d9b58f141a74b9e5bded85505dcc49851a/gmpy2-2.1.5-cp311-cp311-manylinux_2_17_i686.manylinux2014_i686.whl", hash = "sha256:9ac72073e7938c2307e7e4645367709a32036787f5e176c4acf881c7d8efff28", size = 1678868 },
    { url = "https://files.pythonhosted.org/packages/8e/cf/c412e24fd956ffc4310a8ca3c10b579875c77f91a362c06ce817e3f7bb45/gmpy2-2.1.5-cp311-cp311-manylinux_2_17_x86_64.manylinux2014_x86_64.whl", hash = "sha256:3245fd34217649f6c48515ef42da67eb43794f24a20fc961dc2c0c99bb8ebb39", size = 1758252 },
    { url = "https://files.pythonhosted.org/packages/b1/a4/6e03a2be0488fa69cb9646baa1d660548e79339f1979f10cd815992574dd/gmpy2-2.1.5-cp311-cp311-musllinux_1_1_i686.whl", hash = "sha256:4e9d64c1e1e66a2137617c361714022da3de75787d51bd1aed205eb28ddb362c", size = 1629716 },
    { url = "https://files.pythonhosted.org/packages/3c/e0/7edf27eb6c9c80f2768b9441a248739b5392ab5eaa8f9b3692a59ed32146/gmpy2-2.1.5-cp311-cp311-musllinux_1_1_x86_64.whl", hash = "sha256:81004086f2543399b6b425989fc96cc02dd38ab74dcbfd3acb324af1a6770eaf", size = 1715644 },
    { url = "https://files.pythonhosted.org/packages/3b/f9/eb3d3e0f10d20b54085e8e31a70224038040525a87b47ff11b2a61089983/gmpy2-2.1.5-cp311-cp311-win_amd64.whl", hash = "sha256:03beaccf3843c9e9d9cf70102a74cd1e617e792337b64ae73a417b80bf96b385", size = 1107106 },
]

[[package]]
name = "joblib"
version = "1.4.2"
source = { registry = "https://pypi.org/simple" }
sdist = { url = "https://files.pythonhosted.org/packages/64/33/60135848598c076ce4b231e1b1895170f45fbcaeaa2c9d5e38b04db70c35/joblib-1.4.2.tar.gz", hash = "sha256:2382c5816b2636fbd20a09e0f4e9dad4736765fdfb7dca582943b9c1366b3f0e", size = 2116621 }
wheels = [
    { url = "https://files.pythonhosted.org/packages/91/29/df4b9b42f2be0b623cbd5e2140cafcaa2bef0759a00b7b70104dcfe2fb51/joblib-1.4.2-py3-none-any.whl", hash = "sha256:06d478d5674cbc267e7496a410ee875abd68e4340feff4490bcb7afb88060ae6", size = 301817 },
]

[[package]]
name = "llvmlite"
version = "0.40.1"
source = { registry = "https://pypi.org/simple" }
sdist = { url = "https://files.pythonhosted.org/packages/95/e0/369f1c0613c9532319ed3307f4289afc8338d3bf71c1875fdf43603a2d19/llvmlite-0.40.1.tar.gz", hash = "sha256:5cdb0d45df602099d833d50bd9e81353a5e036242d3c003c5b294fc61d1986b4", size = 136328 }
wheels = [
    { url = "https://files.pythonhosted.org/packages/2b/da/9de67270696d43ab28eba38c9a248f646e6b9a3fb2c7115504a2a986f55f/llvmlite-0.40.1-cp311-cp311-macosx_10_9_x86_64.whl", hash = "sha256:a66a5bd580951751b4268f4c3bddcef92682814d6bc72f3cd3bb67f335dd7097", size = 30362780 },
    { url = "https://files.pythonhosted.org/packages/d3/fe/14ad307b173df79e8792f253c67e9edde6aefa00b25de031863662d223b4/llvmlite-0.40.1-cp311-cp311-macosx_11_0_arm64.whl", hash = "sha256:467b43836b388eaedc5a106d76761e388dbc4674b2f2237bc477c6895b15a634", size = 28087146 },
    { url = "https://files.pythonhosted.org/packages/a5/b9/709dd131b6f45252f18a3b318503a7b929fea99245dd220ef48a4675e819/llvmlite-0.40.1-cp311-cp311-manylinux_2_17_aarch64.manylinux2014_aarch64.whl", hash = "sha256:0c23edd196bd797dc3a7860799054ea3488d2824ecabc03f9135110c2e39fcbc", size = 41130536 },
    { url = "https://files.pythonhosted.org/packages/a8/05/3e00ccd24027f059c7850abf13dc2d7d71aed99f6e431719d121707a2664/llvmlite-0.40.1-cp311-cp311-manylinux_2_17_x86_64.manylinux2014_x86_64.whl", hash = "sha256:a36d9f244b6680cb90bbca66b146dabb2972f4180c64415c96f7c8a2d8b60a36", size = 42118998 },
    { url = "https://files.pythonhosted.org/packages/09/7a/3e0bec597ca9e3382ba87c139813ea0b05068d6d5358e05f4557a8c24d63/llvmlite-0.40.1-cp311-cp311-win_amd64.whl", hash = "sha256:5b3076dc4e9c107d16dc15ecb7f2faf94f7736cd2d5e9f4dc06287fd672452c1", size = 27700277 },
]

[[package]]
name = "more-itertools"
version = "9.0.0"
source = { registry = "https://pypi.org/simple" }
sdist = { url = "https://files.pythonhosted.org/packages/13/b3/397aa9668da8b1f0c307bc474608653d46122ae0563d1d32f60e24fa0cbd/more-itertools-9.0.0.tar.gz", hash = "sha256:5a6257e40878ef0520b1803990e3e22303a41b5714006c32a3fd8304b26ea1ab", size = 104237 }
wheels = [
    { url = "https://files.pythonhosted.org/packages/5d/87/1ec3fcc09d2c04b977eabf8a1083222f82eaa2f46d5a4f85f403bf8e7b30/more_itertools-9.0.0-py3-none-any.whl", hash = "sha256:250e83d7e81d0c87ca6bd942e6aeab8cc9daa6096d12c5308f3f92fa5e5c1f41", size = 52811 },
]

[[package]]
name = "mpmath"
version = "1.2.1"
source = { registry = "https://pypi.org/simple" }
sdist = { url = "https://files.pythonhosted.org/packages/95/ba/7384cb4db4ed474d4582944053549e02ec25da630810e4a23454bc9fa617/mpmath-1.2.1.tar.gz", hash = "sha256:79ffb45cf9f4b101a807595bcb3e72e0396202e0b1d25d689134b48c4216a81a", size = 2144222 }
wheels = [
    { url = "https://files.pythonhosted.org/packages/d4/cf/3965bddbb4f1a61c49aacae0e78fd1fe36b5dc36c797b31f30cf07dcbbb7/mpmath-1.2.1-py3-none-any.whl", hash = "sha256:604bc21bd22d2322a177c73bdb573994ef76e62edd595d17e00aff24b0667e5c", size = 532568 },
]

[[package]]
name = "networkx"
version = "3.0"
source = { registry = "https://pypi.org/simple" }
sdist = { url = "https://files.pythonhosted.org/packages/99/f9/d45c9ecf50a6b67a200e0bbd324201b5cd777dfc0e6c8f6d1620ce5a7ada/networkx-3.0.tar.gz", hash = "sha256:9a9992345353618ae98339c2b63d8201c381c2944f38a2ab49cb45a4c667e412", size = 1987075 }
wheels = [
    { url = "https://files.pythonhosted.org/packages/11/eb/929b1a04b1778f4dd606c739c93c134306e4a31012e31e184c8308f3d985/networkx-3.0-py3-none-any.whl", hash = "sha256:58058d66b1818043527244fab9d41a51fcd7dcc271748015f3c181b8a90c8e2e", size = 2043929 },
]

[[package]]
name = "numba"
version = "0.57.0"
source = { registry = "https://pypi.org/simple" }
dependencies = [
    { name = "llvmlite" },
    { name = "numpy" },
]
sdist = { url = "https://files.pythonhosted.org/packages/7e/cf/aa289fc5d668c368b2c7655e6ac916dbee34df96dc6eae9ad70993b169cb/numba-0.57.0.tar.gz", hash = "sha256:2af6d81067a5bdc13960c6d2519dbabbf4d5d597cf75d640c5aeaefd48c6420a", size = 2549269 }
wheels = [
    { url = "https://files.pythonhosted.org/packages/2e/ba/f4e400fb573e7fd2b01e1d429c3c3dcfd5e4a20cd9ad4744d7d46a7cde28/numba-0.57.0-cp311-cp311-macosx_10_9_x86_64.whl", hash = "sha256:069f7d8fddad4c0eb1d7534c2a18098fe50473dc77832b409176002e9011b96f", size = 2516620 },
    { url = "https://files.pythonhosted.org/packages/6d/07/0659e378163e17398254d779ca10c948713f996d87121fb328f13d1affdf/numba-0.57.0-cp311-cp311-macosx_11_0_arm64.whl", hash = "sha256:79daa130fc9e4ebd1eea0a594d1de86d8a4366989f5fab93c482246b502520db", size = 2519418 },
    { url = "https://files.pythonhosted.org/packages/50/df/55b5b259c906c43cbebe3141704e95142a1046326ab3c0a8018c3a5c8d49/numba-0.57.0-cp311-cp311-manylinux2014_aarch64.manylinux_2_17_aarch64.whl", hash = "sha256:274f4db4814ebd5ec81697acfc36df04a865b86610d7714905185b753f3f9baf", size = 3283646 },
    { url = "https://files.pythonhosted.org/packages/7b/3e/8f185c4c3520a351c6d400c9342a3189aaf87c02a878e81f117f24a4a64e/numba-0.57.0-cp311-cp311-manylinux2014_x86_64.manylinux_2_17_x86_64.whl", hash = "sha256:0106ee441e3f69cc6f17cb470c4fcccd592e0606567d43245635d72b071ab88e", size = 3575623 },
    { url = "https://files.pythonhosted.org/packages/27/bc/ab0a77c0c3a69679d4ac7cf8118ee91a42c3f7841b330f299290091bba2e/numba-0.57.0-cp311-cp311-win_amd64.whl", hash = "sha256:a5d31b4d95000d86ffa9652ab5bcfa0ea30e6c3fc40e610147d4f2f00116703d", size = 2554176 },
]

[[package]]
name = "numpy"
version = "1.24.1"
source = { registry = "https://pypi.org/simple" }
sdist = { url = "https://files.pythonhosted.org/packages/ce/b8/c170db50ec49d5845bd771bc5549fe734ee73083c5c52791915f95d8e2bc/numpy-1.24.1.tar.gz", hash = "sha256:2386da9a471cc00a1f47845e27d916d5ec5346ae9696e01a8a34760858fe9dd2", size = 10903184 }
wheels = [
    { url = "https://files.pythonhosted.org/packages/cd/9b/0398b0638ccdda7167d407f50494406560d6e4b7f4e23c33588704e2928b/numpy-1.24.1-cp311-cp311-macosx_10_9_x86_64.whl", hash = "sha256:7094891dcf79ccc6bc2a1f30428fa5edb1e6fb955411ffff3401fb4ea93780a8", size = 19773970 },
    { url = "https://files.pythonhosted.org/packages/b8/a9/993477a7d6a3fdb1b7bb2287333d027303b9af7643d90088a4c74a15dc1d/numpy-1.24.1-cp311-cp311-macosx_11_0_arm64.whl", hash = "sha256:28e418681372520c992805bb723e29d69d6b7aa411065f48216d8329d02ba032", size = 13836198 },
    { url = "https://files.pythonhosted.org/packages/85/92/4a280c9d31ec4950b0de759722b9feb9cc9d680726da3578f6b993ae6236/numpy-1.24.1-cp311-cp311-manylinux_2_17_aarch64.manylinux2014_aarch64.whl", hash = "sha256:e274f0f6c7efd0d577744f52032fdd24344f11c5ae668fe8d01aac0422611df1", size = 13987725 },
    { url = "https://files.pythonhosted.org/packages/db/24/5343241cabd04224e4fc4f2cf12b35146a90a83f53bef9b541c439a7dada/numpy-1.24.1-cp311-cp311-manylinux_2_17_x86_64.manylinux2014_x86_64.whl", hash = "sha256:0044f7d944ee882400890f9ae955220d29b33d809a038923d88e4e01d652acd9", size = 17274991 },
    { url = "https://files.pythonhosted.org/packages/d7/18/4491cefc090909c3615315722fd09864b791c34a1f174845d41716278d23/numpy-1.24.1-cp311-cp311-win32.whl", hash = "sha256:442feb5e5bada8408e8fcd43f3360b78683ff12a4444670a7d9e9824c1817d36", size = 12412294 },
    { url = "https://files.pythonhosted.org/packages/73/39/f104eb30cc3da44d1e10622418c5e6eb5ac224f0f20c97dba44cf2de2af9/numpy-1.24.1-cp311-cp311-win_amd64.whl", hash = "sha256:de92efa737875329b052982e37bd4371d52cabf469f83e7b8be9bb7752d67e51", size = 14819530 },
]

[[package]]
name = "ortools"
version = "9.5.2237"
source = { registry = "https://pypi.org/simple" }
dependencies = [
    { name = "absl-py" },
    { name = "numpy" },
    { name = "protobuf" },
]
wheels = [
    { url = "https://files.pythonhosted.org/packages/b3/94/74d9f64126a517989cf4ae040a1f698c68fddf6d3c63c3bc2c11855b7443/ortools-9.5.2237-cp311-cp311-macosx_10_15_x86_64.whl", hash = "sha256:e6cc55e60c466b5859e0a414f221b4c707e2a68f51c85c1379c4e35305c2d797", size = 13116578 },
    { url = "https://files.pythonhosted.org/packages/b1/09/fcaf208b50a62e96a9f2aaa864c0ecbea145d67bf87bcc58bf506254a68c/ortools-9.5.2237-cp311-cp311-macosx_11_0_arm64.whl", hash = "sha256:6507811a80d315cf20f69408ca41df017278f6e0d7ed9f42271a75f9d50b3842", size = 11946888 },
    { url = "https://files.pythonhosted.org/packages/d5/db/57bdcddd705ab1398618cc1b82dc9bcdf0beb36dee9de02c27141d22cfec/ortools-9.5.2237-cp311-cp311-manylinux_2_17_aarch64.manylinux2014_aarch64.whl", hash = "sha256:344f45ce5709bf82c889e442a7bcd5cd86e9086750efd68e1f9562583a76a6a8", size = 15158599 },
    { url = "https://files.pythonhosted.org/packages/68/84/edb9ef25f23e4cecd148e78012565ff10fdadb9b8cf16ca72c916ecfaf13/ortools-9.5.2237-cp311-cp311-manylinux_2_17_x86_64.manylinux2014_x86_64.whl", hash = "sha256:3148eae10f7c9071eea138c6c12cf0da14428f1a401ad7b50d3999ed09ed15e0", size = 16307696 },
    { url = "https://files.pythonhosted.org/packages/01/51/dd6b515ee4ee24c3555e6928c775d7bd3ef50e697c4117040f1c5bba5ea6/ortools-9.5.2237-cp311-cp311-win_amd64.whl", hash = "sha256:db4471316b7f949d0a0d46bf0c44691d870d7ab66ef34c88b7c24fc7ec22d0ae", size = 42226026 },
]

[[package]]
name = "pandas"
version = "1.5.2"
source = { registry = "https://pypi.org/simple" }
dependencies = [
    { name = "numpy" },
    { name = "python-dateutil" },
    { name = "pytz" },
]
sdist = { url = "https://files.pythonhosted.org/packages/4d/07/c4d69e1acb7723ca49d24fc60a89aa07a914dfb8e7a07fdbb9d8646630cd/pandas-1.5.2.tar.gz", hash = "sha256:220b98d15cee0b2cd839a6358bd1f273d0356bf964c1a1aeb32d47db0215488b", size = 5201551 }
wheels = [
    { url = "https://files.pythonhosted.org/packages/51/e3/7627c324661db1c891a6814c343be6c6a238d13868dd8f01a6d4f388dab0/pandas-1.5.2-cp311-cp311-macosx_10_9_universal2.whl", hash = "sha256:375262829c8c700c3e7cbb336810b94367b9c4889818bbd910d0ecb4e45dc261", size = 18265892 },
    { url = "https://files.pythonhosted.org/packages/bc/3a/4ee3bd4daac874ae484161802f3c8ecdafa68b3b97685e93ef1ef9e3814d/pandas-1.5.2-cp311-cp311-macosx_10_9_x86_64.whl", hash = "sha256:cc3cd122bea268998b79adebbb8343b735a5511ec14efb70a39e7acbc11ccbdc", size = 11851225 },
    { url = "https://files.pythonhosted.org/packages/24/fa/7786bedc2d2b2c84787553800c85d7d2b165c51f03922b441594d1b67f8d/pandas-1.5.2-cp311-cp311-macosx_11_0_arm64.whl", hash = "sha256:b4f5a82afa4f1ff482ab8ded2ae8a453a2cdfde2001567b3ca24a4c5c5ca0db3", size = 10706048 },
    { url = "https://files.pythonhosted.org/packages/f3/a5/6ef3a6ccf1f0962fa378b3d0842060ba6288ddc036b230c190849dcdad08/pandas-1.5.2-cp311-cp311-manylinux_2_17_aarch64.manylinux2014_aarch64.whl", hash = "sha256:8092a368d3eb7116e270525329a3e5c15ae796ccdf7ccb17839a73b4f5084a39", size = 11371433 },
    { url = "https://files.pythonhosted.org/packages/b6/ba/a5ed09e4044c683fab1dec7a18fb139db0afde61def7a4d8fa2848a2d9c8/pandas-1.5.2-cp311-cp311-manylinux_2_17_x86_64.manylinux2014_x86_64.whl", hash = "sha256:f6257b314fc14958f8122779e5a1557517b0f8e500cfb2bd53fa1f75a8ad0af2", size = 12013615 },
    { url = "https://files.pythonhosted.org/packages/af/25/4cbf835f48366ac1007ca959781d1ac770caa36cd27af148dacdde18d397/pandas-1.5.2-cp311-cp311-win_amd64.whl", hash = "sha256:82ae615826da838a8e5d4d630eb70c993ab8636f0eff13cb28aafc4291b632b5", size = 10299556 },
]

[[package]]
name = "polars"
version = "0.15.15"
source = { registry = "https://pypi.org/simple" }
sdist = { url = "https://files.pythonhosted.org/packages/28/3b/d504ecfbc981de80036739f6f5222a905f5ea0ada1acfb856eab083987f6/polars-0.15.15.tar.gz", hash = "sha256:cd6c52141692f2ac17fc1ebb55868e8e0349d531dd9fe94faa7d22babbd47433", size = 1308528 }
wheels = [
    { url = "https://files.pythonhosted.org/packages/23/49/0ccd11917419126dc03bb50898dd37f799a71bd68e81e15a6fb8db58edf7/polars-0.15.15-cp37-abi3-macosx_10_7_x86_64.whl", hash = "sha256:952fbd720ac420476b08a0c4fd062c2fa56c8bcae523ada2edba727f75115d97", size = 14256888 },
    { url = "https://files.pythonhosted.org/packages/6f/a0/8a82974eba8248e5299ec42162f4bfe46af9a6c4bb86d1750fd058d0b36c/polars-0.15.15-cp37-abi3-macosx_11_0_arm64.whl", hash = "sha256:c78e522c37df1ab1a663a60bd0a091b38be023f2d4b38064a891f58dea4e0d04", size = 12709700 },
    { url = "https://files.pythonhosted.org/packages/e5/d9/9d157cc3817adec710b820af51f03bfe9f147b5878fdde0eca013a6498ab/polars-0.15.15-cp37-abi3-manylinux_2_17_aarch64.manylinux2014_aarch64.whl", hash = "sha256:497653d8f01b480dfb6b4f19dbce7958469f927c6cd6e5c104c740ef92b62bf6", size = 13123763 },
    { url = "https://files.pythonhosted.org/packages/b5/ab/ce1463d502788b42453282ebbe89f786100c93b0be811604dc5870ef7e74/polars-0.15.15-cp37-abi3-manylinux_2_17_x86_64.manylinux2014_x86_64.whl", hash = "sha256:57435f185815f0037a82b59d3aad9e9521fa135f23668c4edce974c6693d304d", size = 15016816 },
    { url = "https://files.pythonhosted.org/packages/32/f8/2d4dbc867da9627987d111237e9bbc10e24a3bf291a6ae56124e7f5e123c/polars-0.15.15-cp37-abi3-win_amd64.whl", hash = "sha256:b2d3e2f309f561681b7aeebe2c6712d18f406a86745d55de009d29d1dd730e98", size = 16022677 },
]

[[package]]
name = "protobuf"
version = "5.29.3"
source = { registry = "https://pypi.org/simple" }
sdist = { url = "https://files.pythonhosted.org/packages/f7/d1/e0a911544ca9993e0f17ce6d3cc0932752356c1b0a834397f28e63479344/protobuf-5.29.3.tar.gz", hash = "sha256:5da0f41edaf117bde316404bad1a486cb4ededf8e4a54891296f648e8e076620", size = 424945 }
wheels = [
    { url = "https://files.pythonhosted.org/packages/dc/7a/1e38f3cafa022f477ca0f57a1f49962f21ad25850c3ca0acd3b9d0091518/protobuf-5.29.3-cp310-abi3-win32.whl", hash = "sha256:3ea51771449e1035f26069c4c7fd51fba990d07bc55ba80701c78f886bf9c888", size = 422708 },
    { url = "https://files.pythonhosted.org/packages/61/fa/aae8e10512b83de633f2646506a6d835b151edf4b30d18d73afd01447253/protobuf-5.29.3-cp310-abi3-win_amd64.whl", hash = "sha256:a4fa6f80816a9a0678429e84973f2f98cbc218cca434abe8db2ad0bffc98503a", size = 434508 },
    { url = "https://files.pythonhosted.org/packages/dd/04/3eaedc2ba17a088961d0e3bd396eac764450f431621b58a04ce898acd126/protobuf-5.29.3-cp38-abi3-macosx_10_9_universal2.whl", hash = "sha256:a8434404bbf139aa9e1300dbf989667a83d42ddda9153d8ab76e0d5dcaca484e", size = 417825 },
    { url = "https://files.pythonhosted.org/packages/4f/06/7c467744d23c3979ce250397e26d8ad8eeb2bea7b18ca12ad58313c1b8d5/protobuf-5.29.3-cp38-abi3-manylinux2014_aarch64.whl", hash = "sha256:daaf63f70f25e8689c072cfad4334ca0ac1d1e05a92fc15c54eb9cf23c3efd84", size = 319573 },
    { url = "https://files.pythonhosted.org/packages/a8/45/2ebbde52ad2be18d3675b6bee50e68cd73c9e0654de77d595540b5129df8/protobuf-5.29.3-cp38-abi3-manylinux2014_x86_64.whl", hash = "sha256:c027e08a08be10b67c06bf2370b99c811c466398c357e615ca88c91c07f0910f", size = 319672 },
    { url = "https://files.pythonhosted.org/packages/fd/b2/ab07b09e0f6d143dfb839693aa05765257bceaa13d03bf1a696b78323e7a/protobuf-5.29.3-py3-none-any.whl", hash = "sha256:0a18ed4a24198528f2333802eb075e59dea9d679ab7a6c5efb017a59004d849f", size = 172550 },
]

[[package]]
name = "pulp"
version = "2.7.0"
source = { registry = "https://pypi.org/simple" }
sdist = { url = "https://files.pythonhosted.org/packages/59/41/44d617a67407ea5db026500025b8aa7cad0b2b52621c04991b248c3b383d/PuLP-2.7.0.tar.gz", hash = "sha256:e73ee6b32d639c9b8cf4b4aded334ba158be5f8313544e056f796ace0a10ae63", size = 1400315 }
wheels = [
    { url = "https://files.pythonhosted.org/packages/a6/60/b91acaa7995bfcd72f1739ea2b0f5cda707329e17f0b7f921fd8acc79889/PuLP-2.7.0-py3-none-any.whl", hash = "sha256:b6de42c929e80325bf44cc7a2997f02535440800c376b9eb8cb7b4670ed53769", size = 14251631 },
]

[[package]]
name = "python-atcoder"
version = "0.1.0"
source = { virtual = "." }
dependencies = [
    { name = "ac-library-python" },
    { name = "bitarray" },
    { name = "cppyy" },
    { name = "gmpy2" },
    { name = "more-itertools" },
    { name = "mpmath" },
    { name = "networkx" },
    { name = "numba" },
    { name = "numpy" },
    { name = "ortools" },
    { name = "pandas" },
    { name = "polars" },
    { name = "pulp" },
    { name = "scikit-learn" },
    { name = "scipy" },
    { name = "setuptools" },
    { name = "shapely" },
    { name = "sortedcontainers" },
    { name = "sympy" },
    { name = "z3-solver" },
]

[package.metadata]
requires-dist = [
    { name = "ac-library-python", specifier = ">=0.1.0" },
    { name = "bitarray", specifier = "==2.6.2" },
    { name = "cppyy", specifier = "==2.4.1" },
    { name = "gmpy2", specifier = "==2.1.5" },
    { name = "more-itertools", specifier = "==9.0.0" },
    { name = "mpmath", specifier = "==1.2.1" },
    { name = "networkx", specifier = "==3.0" },
    { name = "numba", specifier = "==0.57.0" },
    { name = "numpy", specifier = "==1.24.1" },
    { name = "ortools", specifier = "==9.5.2237" },
    { name = "pandas", specifier = "==1.5.2" },
    { name = "polars", specifier = "==0.15.15" },
    { name = "pulp", specifier = "==2.7.0" },
    { name = "scikit-learn", specifier = "==1.2.0" },
    { name = "scipy", specifier = "==1.10.1" },
    { name = "setuptools", specifier = "==66.0.0" },
    { name = "shapely", specifier = "==2.0.0" },
    { name = "sortedcontainers", specifier = "==2.4.0" },
    { name = "sympy", specifier = "==1.11.1" },
    { name = "z3-solver", specifier = "==4.12.1.0" },
]

[[package]]
name = "python-dateutil"
version = "2.9.0.post0"
source = { registry = "https://pypi.org/simple" }
dependencies = [
    { name = "six" },
]
sdist = { url = "https://files.pythonhosted.org/packages/66/c0/0c8b6ad9f17a802ee498c46e004a0eb49bc148f2fd230864601a86dcf6db/python-dateutil-2.9.0.post0.tar.gz", hash = "sha256:37dd54208da7e1cd875388217d5e00ebd4179249f90fb72437e91a35459a0ad3", size = 342432 }
wheels = [
    { url = "https://files.pythonhosted.org/packages/ec/57/56b9bcc3c9c6a792fcbaf139543cee77261f3651ca9da0c93f5c1221264b/python_dateutil-2.9.0.post0-py2.py3-none-any.whl", hash = "sha256:a8b2bc7bffae282281c8140a97d3aa9c14da0b136dfe83f850eea9a5f7470427", size = 229892 },
]

[[package]]
name = "pytz"
version = "2025.1"
source = { registry = "https://pypi.org/simple" }
sdist = { url = "https://files.pythonhosted.org/packages/5f/57/df1c9157c8d5a05117e455d66fd7cf6dbc46974f832b1058ed4856785d8a/pytz-2025.1.tar.gz", hash = "sha256:c2db42be2a2518b28e65f9207c4d05e6ff547d1efa4086469ef855e4ab70178e", size = 319617 }
wheels = [
    { url = "https://files.pythonhosted.org/packages/eb/38/ac33370d784287baa1c3d538978b5e2ea064d4c1b93ffbd12826c190dd10/pytz-2025.1-py2.py3-none-any.whl", hash = "sha256:89dd22dca55b46eac6eda23b2d72721bf1bdfef212645d81513ef5d03038de57", size = 507930 },
]

[[package]]
name = "scikit-learn"
version = "1.2.0"
source = { registry = "https://pypi.org/simple" }
dependencies = [
    { name = "joblib" },
    { name = "numpy" },
    { name = "scipy" },
    { name = "threadpoolctl" },
]
sdist = { url = "https://files.pythonhosted.org/packages/27/a0/95eae31ceabeb7710a694367816edfcc0ccb001c794c14b3b234c148ae50/scikit-learn-1.2.0.tar.gz", hash = "sha256:680b65b3caee469541385d2ca5b03ff70408f6c618c583948312f0d2125df680", size = 7208996 }
wheels = [
    { url = "https://files.pythonhosted.org/packages/08/b4/c122c0e7225e438ff64867e5c9eb8ec246dcd2bfe5435a9a2adb3f7e160e/scikit_learn-1.2.0-cp311-cp311-macosx_10_9_x86_64.whl", hash = "sha256:5546a8894a0616e92489ef995b39a0715829f3df96e801bb55cbf196be0d9649", size = 8951603 },
    { url = "https://files.pythonhosted.org/packages/b0/73/8992b6647ca8753dbe194c3582423cd965e731e2828c3edc8de5fd64ebe6/scikit_learn-1.2.0-cp311-cp311-macosx_12_0_arm64.whl", hash = "sha256:bc7073e025b62c1067cbfb76e69d08650c6b9d7a0e7afdfa20cb92d4afe516f6", size = 8263329 },
    { url = "https://files.pythonhosted.org/packages/f0/1d/07b66497eb3797091944f1340698465ca4bd1a75a5a19b6bc6c865c8f40b/scikit_learn-1.2.0-cp311-cp311-manylinux_2_17_aarch64.manylinux2014_aarch64.whl", hash = "sha256:fc0a72237f0c56780cf550df87201a702d3bdcbbb23c6ef7d54c19326fa23f19", size = 9051383 },
    { url = "https://files.pythonhosted.org/packages/b4/56/4282c0f73a49009f30b8c60b348c71b136036f608320cfba9ea744214f71/scikit_learn-1.2.0-cp311-cp311-manylinux_2_17_x86_64.manylinux2014_x86_64.whl", hash = "sha256:4e1ea0bc1706da45589bcf2490cde6276490a1b88f9af208dbb396fdc3a0babf", size = 9451431 },
    { url = "https://files.pythonhosted.org/packages/b9/86/62738531b1db41defda03c8d065ec9f6282ec96b82309cba7715e0e263ce/scikit_learn-1.2.0-cp311-cp311-win_amd64.whl", hash = "sha256:f17420a8e3f40129aeb7e0f5ee35822d6178617007bb8f69521a2cefc20d5f00", size = 8192711 },
]

[[package]]
name = "scipy"
version = "1.10.1"
source = { registry = "https://pypi.org/simple" }
dependencies = [
    { name = "numpy" },
]
sdist = { url = "https://files.pythonhosted.org/packages/84/a9/2bf119f3f9cff1f376f924e39cfae18dec92a1514784046d185731301281/scipy-1.10.1.tar.gz", hash = "sha256:2cf9dfb80a7b4589ba4c40ce7588986d6d5cebc5457cad2c2880f6bc2d42f3a5", size = 42407997 }
wheels = [
    { url = "https://files.pythonhosted.org/packages/e7/53/053cd3669be0d474deae8fe5f757bff4c4f480b8a410231e0631c068873d/scipy-1.10.1-cp311-cp311-macosx_10_9_x86_64.whl", hash = "sha256:0f1564ea217e82c1bbe75ddf7285ba0709ecd503f048cb1236ae9995f64217bd", size = 35003170 },
    { url = "https://files.pythonhosted.org/packages/0d/3e/d05b9de83677195886fb79844fcca19609a538db63b1790fa373155bc3cf/scipy-1.10.1-cp311-cp311-macosx_12_0_arm64.whl", hash = "sha256:d925fa1c81b772882aa55bcc10bf88324dadb66ff85d548c71515f6689c6dac5", size = 28717513 },
    { url = "https://files.pythonhosted.org/packages/a5/3d/b69746c50e44893da57a68457da3d7e5bb75f6a37fbace3769b70d017488/scipy-1.10.1-cp311-cp311-manylinux_2_17_aarch64.manylinux2014_aarch64.whl", hash = "sha256:aaea0a6be54462ec027de54fca511540980d1e9eea68b2d5c1dbfe084797be35", size = 30687257 },
    { url = "https://files.pythonhosted.org/packages/21/cd/fe2d4af234b80dc08c911ce63fdaee5badcdde3e9bcd9a68884580652ef0/scipy-1.10.1-cp311-cp311-manylinux_2_17_x86_64.manylinux2014_x86_64.whl", hash = "sha256:15a35c4242ec5f292c3dd364a7c71a61be87a3d4ddcc693372813c0b73c9af1d", size = 34124096 },
    { url = "https://files.pythonhosted.org/packages/65/76/903324159e4a3566e518c558aeb21571d642f781d842d8dd0fd9c6b0645a/scipy-1.10.1-cp311-cp311-win_amd64.whl", hash = "sha256:43b8e0bcb877faf0abfb613d51026cd5cc78918e9530e375727bf0625c82788f", size = 42238704 },
]

[[package]]
name = "setuptools"
version = "66.0.0"
source = { registry = "https://pypi.org/simple" }
sdist = { url = "https://files.pythonhosted.org/packages/67/ba/27235b9eebee2492fbf03ac1828a997d3d686031445d491f9cfa36a7085e/setuptools-66.0.0.tar.gz", hash = "sha256:bd6eb2d6722568de6d14b87c44a96fac54b2a45ff5e940e639979a3d1792adb6", size = 2642508 }
wheels = [
    { url = "https://files.pythonhosted.org/packages/bd/ef/76cffd20061a0c6512dad4ba3537314904c6350738b99526c2f48992ff58/setuptools-66.0.0-py3-none-any.whl", hash = "sha256:a78d01d1e2c175c474884671dde039962c9d74c7223db7369771fcf6e29ceeab", size = 1259316 },
]

[[package]]
name = "shapely"
version = "2.0.0"
source = { registry = "https://pypi.org/simple" }
dependencies = [
    { name = "numpy" },
]
sdist = { url = "https://files.pythonhosted.org/packages/61/76/6e635cc4ba33e8c170ef5934dad5c269dc5cb9607e878efb2aba12f78361/shapely-2.0.0.tar.gz", hash = "sha256:11f1b1231a6c04213fb1226c6968d1b1b3b369ec42d1e9655066af87631860ea", size = 274527 }
wheels = [
    { url = "https://files.pythonhosted.org/packages/b0/19/2edf55badaa89f28820e5127063784e28ff26251ecf9e3c49600d405348f/shapely-2.0.0-cp311-cp311-macosx_10_9_universal2.whl", hash = "sha256:56c0e70749f8c2956493e9333375d2e2264ce25c838fc49c3a2ececbf2d3ba92", size = 2397537 },
    { url = "https://files.pythonhosted.org/packages/ce/bb/b54bf01a8b0a73f9bb59bed5c6fd0260536c9cc476809871975b897f4e0a/shapely-2.0.0-cp311-cp311-macosx_10_9_x86_64.whl", hash = "sha256:292c22ff7806e3a25bc4324295e9204169c61a09165d4c9ee0a9784c1709c85e", size = 1357620 },
    { url = "https://files.pythonhosted.org/packages/9a/52/6030673fadc8ac8db7d6afe7a74118add0bdc7d8b3678b17108e078f2dc5/shapely-2.0.0-cp311-cp311-macosx_11_0_arm64.whl", hash = "sha256:40c397d67ba609a163d38b649eee2b06c5f9bdc86d244a8e4cd09c6e2791cf3c", size = 1194325 },
    { url = "https://files.pythonhosted.org/packages/f7/f4/8675870adac3afec23b2e9cdcbb990861acb0ef188db99cec228dc106c32/shapely-2.0.0-cp311-cp311-manylinux_2_17_aarch64.manylinux2014_aarch64.whl", hash = "sha256:6c71738702cf5c3fc60b3bbe869c321b053ea754f57addded540a71c78c2612e", size = 2253439 },
    { url = "https://files.pythonhosted.org/packages/d5/5d/d9434abd291339aae6a895d9993147220d81704c6fd9db25a84b95e8d6b3/shapely-2.0.0-cp311-cp311-manylinux_2_17_i686.manylinux2014_i686.whl", hash = "sha256:73d605fcefd06ee997ba307ef363448d355f3c3e81b3f56ed332eaf6d506e1b5", size = 2519494 },
    { url = "https://files.pythonhosted.org/packages/a6/a6/2acc72d1c6fa357cb434cfffc148fe4ac7655dce7416183c4b50615de92b/shapely-2.0.0-cp311-cp311-manylinux_2_17_x86_64.manylinux2014_x86_64.whl", hash = "sha256:13a9f978cd287e0fa95f39904a2bb36deddab490e4fab8bf43eba01b7d9eb58f", size = 2333892 },
    { url = "https://files.pythonhosted.org/packages/82/17/30cc749eb629fb7cbf7fa28fe7ded6935a64b69dc5ab02d0293416987d4b/shapely-2.0.0-cp311-cp311-win32.whl", hash = "sha256:ef98fec4a3aca6d33e3b9fdd680fe513cc7d1c6aedc65ada8a3965601d9d4bcf", size = 1221025 },
    { url = "https://files.pythonhosted.org/packages/f5/48/b0915155ccdf2cf2c69f87a2ff7aa32e1d7b0aac7b2254fb4114bfb10de2/shapely-2.0.0-cp311-cp311-win_amd64.whl", hash = "sha256:a9b6651812f2caa23e4d06bc06a2ed34450f82cb1c110c170a25b01bbb090895", size = 1362217 },
]

[[package]]
name = "six"
version = "1.17.0"
source = { registry = "https://pypi.org/simple" }
sdist = { url = "https://files.pythonhosted.org/packages/94/e7/b2c673351809dca68a0e064b6af791aa332cf192da575fd474ed7d6f16a2/six-1.17.0.tar.gz", hash = "sha256:ff70335d468e7eb6ec65b95b99d3a2836546063f63acc5171de367e834932a81", size = 34031 }
wheels = [
    { url = "https://files.pythonhosted.org/packages/b7/ce/149a00dd41f10bc29e5921b496af8b574d8413afcd5e30dfa0ed46c2cc5e/six-1.17.0-py2.py3-none-any.whl", hash = "sha256:4721f391ed90541fddacab5acf947aa0d3dc7d27b2e1e8eda2be8970586c3274", size = 11050 },
]

[[package]]
name = "sortedcontainers"
version = "2.4.0"
source = { registry = "https://pypi.org/simple" }
sdist = { url = "https://files.pythonhosted.org/packages/e8/c4/ba2f8066cceb6f23394729afe52f3bf7adec04bf9ed2c820b39e19299111/sortedcontainers-2.4.0.tar.gz", hash = "sha256:25caa5a06cc30b6b83d11423433f65d1f9d76c4c6a0c90e3379eaa43b9bfdb88", size = 30594 }
wheels = [
    { url = "https://files.pythonhosted.org/packages/32/46/9cb0e58b2deb7f82b84065f37f3bffeb12413f947f9388e4cac22c4621ce/sortedcontainers-2.4.0-py2.py3-none-any.whl", hash = "sha256:a163dcaede0f1c021485e957a39245190e74249897e2ae4b2aa38595db237ee0", size = 29575 },
]

[[package]]
name = "sympy"
version = "1.11.1"
source = { registry = "https://pypi.org/simple" }
dependencies = [
    { name = "mpmath" },
]
sdist = { url = "https://files.pythonhosted.org/packages/5a/36/4667b08bc45131fe655a27b1a112c1730f3244343c53a338f44d730bd6ba/sympy-1.11.1.tar.gz", hash = "sha256:e32380dce63cb7c0108ed525570092fd45168bdae2faa17e528221ef72e88658", size = 12921384 }
wheels = [
    { url = "https://files.pythonhosted.org/packages/2d/49/a2d03101e2d28ad528968144831d506344418ef1cc04839acdbe185889c2/sympy-1.11.1-py3-none-any.whl", hash = "sha256:938f984ee2b1e8eae8a07b884c8b7a1146010040fccddc6539c54f401c8f6fcf", size = 6471005 },
]

[[package]]
name = "threadpoolctl"
version = "3.5.0"
source = { registry = "https://pypi.org/simple" }
sdist = { url = "https://files.pythonhosted.org/packages/bd/55/b5148dcbf72f5cde221f8bfe3b6a540da7aa1842f6b491ad979a6c8b84af/threadpoolctl-3.5.0.tar.gz", hash = "sha256:082433502dd922bf738de0d8bcc4fdcbf0979ff44c42bd40f5af8a282f6fa107", size = 41936 }
wheels = [
    { url = "https://files.pythonhosted.org/packages/4b/2c/ffbf7a134b9ab11a67b0cf0726453cedd9c5043a4fe7a35d1cefa9a1bcfb/threadpoolctl-3.5.0-py3-none-any.whl", hash = "sha256:56c1e26c150397e58c4926da8eeee87533b1e32bef131bd4bf6a2f45f3185467", size = 18414 },
]

[[package]]
name = "z3-solver"
version = "4.12.1.0"
source = { registry = "https://pypi.org/simple" }
sdist = { url = "https://files.pythonhosted.org/packages/15/76/f16bfcfd3c7e8f929a4f26dc554bc8a086823c9225975b7b67b21ccb4d69/z3-solver-4.12.1.0.tar.gz", hash = "sha256:c6b7c0f1c595ba47609d0e02b0cc263dc755def9f8d6f51c1943aec040a1eb2d", size = 4783491 }
wheels = [
    { url = "https://files.pythonhosted.org/packages/3e/bb/ee5de50e182972d02f61589b17a79c5647698cfb7500cd9bc8d1be7d0e75/z3_solver-4.12.1.0-py2.py3-none-macosx_10_16_x86_64.whl", hash = "sha256:c4f1a53bce12b45698e8e49bd980cd3d3f0298c1ba4cf8c40525af86797565c8", size = 29662470 },
    { url = "https://files.pythonhosted.org/packages/5c/bf/6b2c0835f3a46e1330f677ddb072bac026cd1f452a54841100043038a385/z3_solver-4.12.1.0-py2.py3-none-macosx_11_0_arm64.whl", hash = "sha256:553ec3cd0188420bc5f007dd873fb0d87075d1b93808eca8c02324eb3a5f6f68", size = 26654383 },
    { url = "https://files.pythonhosted.org/packages/03/53/265b4b11a3699f5ec23a87609a60fd10bb465221690daf271b07367cce87/z3_solver-4.12.1.0-py2.py3-none-manylinux1_x86_64.whl", hash = "sha256:41cb9ac460af30b193811eebf919d61cf51a8856bbd74b200cbe6b21e3e955e4", size = 56029449 },
    { url = "https://files.pythonhosted.org/packages/87/f6/20e1fcd26f793fb16efeecfe2d71ff9526e93a803d56ae7df33982d39405/z3_solver-4.12.1.0-py2.py3-none-win32.whl", hash = "sha256:85ff9f59b0f87df4dc0cd52baebb247b8049f2df6aad623151f4c4a21d3d01ac", size = 55306921 },
    { url = "https://files.pythonhosted.org/packages/74/d6/c9bb5625ad33255d63475cf1d9a240da5db67ae5eec9ee9d08beaba906a3/z3_solver-4.12.1.0-py2.py3-none-win_amd64.whl", hash = "sha256:aa0e06d42070774a2f89818c412514d41fc84578f32d617de618b214e5ed8154", size = 58153011 },
]
